
Microsoft Visual Studio Solution File, Format Version 12.00
# Visual Studio Version 16
VisualStudioVersion = 16.0.29418.71
MinimumVisualStudioVersion = 10.0.40219.1
Project("{FAE04EC0-301F-11D3-BF4B-00C04F79EFBC}") = "MVVMSocketConsumer", "MVVMSocketConsumer\MVVMSocketConsumer.csproj", "{D1419052-5AD1-4782-B644-B833C0C43292}"
EndProject
Global
	GlobalSection(SolutionConfigurationPlatforms) = preSolution
		Debug|Any CPU = Debug|Any CPU
		Release|Any CPU = Release|Any CPU
	EndGlobalSection
	GlobalSection(ProjectConfigurationPlatforms) = postSolution
		{D1419052-5AD1-4782-B644-B833C0C43292}.Debug|Any CPU.ActiveCfg = Debug|Any CPU
		{D1419052-5AD1-4782-B644-B833C0C43292}.Debug|Any CPU.Build.0 = Debug|Any CPU
		{D1419052-5AD1-4782-B644-B833C0C43292}.Release|Any CPU.ActiveCfg = Release|Any CPU
		{D1419052-5AD1-4782-B644-B833C0C43292}.Release|Any CPU.Build.0 = Release|Any CPU
	EndGlobalSection
	GlobalSection(SolutionProperties) = preSolution
		HideSolutionNode = FALSE
	EndGlobalSection
	GlobalSection(ExtensibilityGlobals) = postSolution
		SolutionGuid = {7D15544C-0152-41B0-A122-5B74F25EE69A}
	EndGlobalSection
EndGlobal
